
Microsoft Visual Studio Solution File, Format Version 12.00
# Visual Studio Version 17
VisualStudioVersion = 17.3.32825.248
MinimumVisualStudioVersion = 10.0.40219.1
Project("{9A19103F-16F7-4668-BE54-9A1E7A4F7556}") = "AttributeSql.Demo", "AttributeSql\AttributeSql.Demo.csproj", "{DB357BCC-33D7-45D0-8CFF-A9B6EA3562F2}"
EndProject
Project("{2150E333-8FDC-42A3-9474-1A3956D46DE8}") = "src", "src", "{EF7E38A9-F1D5-4E94-8425-8292328361B9}"
EndProject
Project("{9A19103F-16F7-4668-BE54-9A1E7A4F7556}") = "AttributeSql.Base", "AttributeSql.Base\AttributeSql.Base.csproj", "{15099FAE-AD0C-4079-BF91-FE94802605F4}"
EndProject
Project("{9A19103F-16F7-4668-BE54-9A1E7A4F7556}") = "AttributeSql.Core", "AttributeSql.Core\AttributeSql.Core.csproj", "{E9A8ED61-1E49-4F2F-BDCD-398CFF707A18}"
EndProject
Project("{9A19103F-16F7-4668-BE54-9A1E7A4F7556}") = "AttributeSql.Oracle", "AttributeSql.Oracle\AttributeSql.Oracle.csproj", "{BA9CF3CB-ACF8-4363-9B86-748AE6786953}"
EndProject
Project("{9A19103F-16F7-4668-BE54-9A1E7A4F7556}") = "AttributeSql.SqlServer", "AttributeSql.SqlServer\AttributeSql.SqlServer.csproj", "{F57F6914-82A2-485B-B0BE-6600F0BB3CA3}"
EndProject
Project("{9A19103F-16F7-4668-BE54-9A1E7A4F7556}") = "AttributeSql.PgSql", "AttributeSql.PgSql\AttributeSql.PgSql.csproj", "{7A33BAB2-3D2D-4001-8720-ED6CA9E4A16B}"
EndProject
Project("{9A19103F-16F7-4668-BE54-9A1E7A4F7556}") = "AttributeSql.MySql", "AttributeSql.MySql\AttributeSql.MySql.csproj", "{E39C85FC-0FB5-4CEE-91B6-8DAE4B1050B0}"
EndProject
Global
	GlobalSection(SolutionConfigurationPlatforms) = preSolution
		Debug|Any CPU = Debug|Any CPU
		Release|Any CPU = Release|Any CPU
	EndGlobalSection
	GlobalSection(ProjectConfigurationPlatforms) = postSolution
		{DB357BCC-33D7-45D0-8CFF-A9B6EA3562F2}.Debug|Any CPU.ActiveCfg = Debug|Any CPU
		{DB357BCC-33D7-45D0-8CFF-A9B6EA3562F2}.Debug|Any CPU.Build.0 = Debug|Any CPU
		{DB357BCC-33D7-45D0-8CFF-A9B6EA3562F2}.Release|Any CPU.ActiveCfg = Release|Any CPU
		{DB357BCC-33D7-45D0-8CFF-A9B6EA3562F2}.Release|Any CPU.Build.0 = Release|Any CPU
		{15099FAE-AD0C-4079-BF91-FE94802605F4}.Debug|Any CPU.ActiveCfg = Debug|Any CPU
		{15099FAE-AD0C-4079-BF91-FE94802605F4}.Debug|Any CPU.Build.0 = Debug|Any CPU
		{15099FAE-AD0C-4079-BF91-FE94802605F4}.Release|Any CPU.ActiveCfg = Release|Any CPU
		{15099FAE-AD0C-4079-BF91-FE94802605F4}.Release|Any CPU.Build.0 = Release|Any CPU
		{E9A8ED61-1E49-4F2F-BDCD-398CFF707A18}.Debug|Any CPU.ActiveCfg = Debug|Any CPU
		{E9A8ED61-1E49-4F2F-BDCD-398CFF707A18}.Debug|Any CPU.Build.0 = Debug|Any CPU
		{E9A8ED61-1E49-4F2F-BDCD-398CFF707A18}.Release|Any CPU.ActiveCfg = Release|Any CPU
		{E9A8ED61-1E49-4F2F-BDCD-398CFF707A18}.Release|Any CPU.Build.0 = Release|Any CPU
		{BA9CF3CB-ACF8-4363-9B86-748AE6786953}.Debug|Any CPU.ActiveCfg = Debug|Any CPU
		{BA9CF3CB-ACF8-4363-9B86-748AE6786953}.Debug|Any CPU.Build.0 = Debug|Any CPU
		{BA9CF3CB-ACF8-4363-9B86-748AE6786953}.Release|Any CPU.ActiveCfg = Release|Any CPU
		{BA9CF3CB-ACF8-4363-9B86-748AE6786953}.Release|Any CPU.Build.0 = Release|Any CPU
		{F57F6914-82A2-485B-B0BE-6600F0BB3CA3}.Debug|Any CPU.ActiveCfg = Debug|Any CPU
		{F57F6914-82A2-485B-B0BE-6600F0BB3CA3}.Debug|Any CPU.Build.0 = Debug|Any CPU
		{F57F6914-82A2-485B-B0BE-6600F0BB3CA3}.Release|Any CPU.ActiveCfg = Release|Any CPU
		{F57F6914-82A2-485B-B0BE-6600F0BB3CA3}.Release|Any CPU.Build.0 = Release|Any CPU
		{7A33BAB2-3D2D-4001-8720-ED6CA9E4A16B}.Debug|Any CPU.ActiveCfg = Debug|Any CPU
		{7A33BAB2-3D2D-4001-8720-ED6CA9E4A16B}.Debug|Any CPU.Build.0 = Debug|Any CPU
		{7A33BAB2-3D2D-4001-8720-ED6CA9E4A16B}.Release|Any CPU.ActiveCfg = Release|Any CPU
		{7A33BAB2-3D2D-4001-8720-ED6CA9E4A16B}.Release|Any CPU.Build.0 = Release|Any CPU
		{E39C85FC-0FB5-4CEE-91B6-8DAE4B1050B0}.Debug|Any CPU.ActiveCfg = Debug|Any CPU
		{E39C85FC-0FB5-4CEE-91B6-8DAE4B1050B0}.Debug|Any CPU.Build.0 = Debug|Any CPU
		{E39C85FC-0FB5-4CEE-91B6-8DAE4B1050B0}.Release|Any CPU.ActiveCfg = Release|Any CPU
		{E39C85FC-0FB5-4CEE-91B6-8DAE4B1050B0}.Release|Any CPU.Build.0 = Release|Any CPU
	EndGlobalSection
	GlobalSection(SolutionProperties) = preSolution
		HideSolutionNode = FALSE
	EndGlobalSection
	GlobalSection(NestedProjects) = preSolution
		{15099FAE-AD0C-4079-BF91-FE94802605F4} = {EF7E38A9-F1D5-4E94-8425-8292328361B9}
		{E9A8ED61-1E49-4F2F-BDCD-398CFF707A18} = {EF7E38A9-F1D5-4E94-8425-8292328361B9}
		{BA9CF3CB-ACF8-4363-9B86-748AE6786953} = {EF7E38A9-F1D5-4E94-8425-8292328361B9}
		{F57F6914-82A2-485B-B0BE-6600F0BB3CA3} = {EF7E38A9-F1D5-4E94-8425-8292328361B9}
		{7A33BAB2-3D2D-4001-8720-ED6CA9E4A16B} = {EF7E38A9-F1D5-4E94-8425-8292328361B9}
		{E39C85FC-0FB5-4CEE-91B6-8DAE4B1050B0} = {EF7E38A9-F1D5-4E94-8425-8292328361B9}
	EndGlobalSection
	GlobalSection(ExtensibilityGlobals) = postSolution
		SolutionGuid = {C3E21488-0B90-4028-B6E0-242C7C52AD21}
	EndGlobalSection
EndGlobal
