
Microsoft Visual Studio Solution File, Format Version 12.00
# Visual Studio Version 16
VisualStudioVersion = 16.0.29806.167
MinimumVisualStudioVersion = 10.0.40219.1
Project("{9A19103F-16F7-4668-BE54-9A1E7A4F7556}") = "AttributeSql", "AttributeSql\AttributeSql.csproj", "{DB357BCC-33D7-45D0-8CFF-A9B6EA3562F2}"
EndProject
Project("{2150E333-8FDC-42A3-9474-1A3956D46DE8}") = "src", "src", "{EF7E38A9-F1D5-4E94-8425-8292328361B9}"
EndProject
Project("{9A19103F-16F7-4668-BE54-9A1E7A4F7556}") = "AttributeSqlDLL.Mysql", "AttributeSqlDLL.Mysql\AttributeSqlDLL.Mysql.csproj", "{E8A40D6D-041E-446F-87A3-F68C383C672E}"
EndProject
Project("{9A19103F-16F7-4668-BE54-9A1E7A4F7556}") = "AttributeSqlDLL.SqlServer", "AttributeSqlDLL.SqlServer\AttributeSqlDLL.SqlServer.csproj", "{7E66C06D-DC90-42E2-818E-FED5D857C210}"
EndProject
Project("{9A19103F-16F7-4668-BE54-9A1E7A4F7556}") = "AttributeSqlDLL.Common", "AttributeSqlDLL.Common\AttributeSqlDLL.Common.csproj", "{B9E565C7-6ED6-4DF6-913F-54DE61FB2B81}"
EndProject
Project("{FAE04EC0-301F-11D3-BF4B-00C04F79EFBC}") = "AttributeSqlDLL.Core", "AttributeSqlDLL.Core\AttributeSqlDLL.Core.csproj", "{C00F9715-AEFD-434F-ABCF-92AB52BC610B}"
EndProject
Global
	GlobalSection(SolutionConfigurationPlatforms) = preSolution
		Debug|Any CPU = Debug|Any CPU
		Release|Any CPU = Release|Any CPU
	EndGlobalSection
	GlobalSection(ProjectConfigurationPlatforms) = postSolution
		{DB357BCC-33D7-45D0-8CFF-A9B6EA3562F2}.Debug|Any CPU.ActiveCfg = Debug|Any CPU
		{DB357BCC-33D7-45D0-8CFF-A9B6EA3562F2}.Debug|Any CPU.Build.0 = Debug|Any CPU
		{DB357BCC-33D7-45D0-8CFF-A9B6EA3562F2}.Release|Any CPU.ActiveCfg = Release|Any CPU
		{DB357BCC-33D7-45D0-8CFF-A9B6EA3562F2}.Release|Any CPU.Build.0 = Release|Any CPU
		{E8A40D6D-041E-446F-87A3-F68C383C672E}.Debug|Any CPU.ActiveCfg = Debug|Any CPU
		{E8A40D6D-041E-446F-87A3-F68C383C672E}.Debug|Any CPU.Build.0 = Debug|Any CPU
		{E8A40D6D-041E-446F-87A3-F68C383C672E}.Release|Any CPU.ActiveCfg = Release|Any CPU
		{E8A40D6D-041E-446F-87A3-F68C383C672E}.Release|Any CPU.Build.0 = Release|Any CPU
		{7E66C06D-DC90-42E2-818E-FED5D857C210}.Debug|Any CPU.ActiveCfg = Debug|Any CPU
		{7E66C06D-DC90-42E2-818E-FED5D857C210}.Debug|Any CPU.Build.0 = Debug|Any CPU
		{7E66C06D-DC90-42E2-818E-FED5D857C210}.Release|Any CPU.ActiveCfg = Release|Any CPU
		{7E66C06D-DC90-42E2-818E-FED5D857C210}.Release|Any CPU.Build.0 = Release|Any CPU
		{B9E565C7-6ED6-4DF6-913F-54DE61FB2B81}.Debug|Any CPU.ActiveCfg = Debug|Any CPU
		{B9E565C7-6ED6-4DF6-913F-54DE61FB2B81}.Debug|Any CPU.Build.0 = Debug|Any CPU
		{B9E565C7-6ED6-4DF6-913F-54DE61FB2B81}.Release|Any CPU.ActiveCfg = Release|Any CPU
		{B9E565C7-6ED6-4DF6-913F-54DE61FB2B81}.Release|Any CPU.Build.0 = Release|Any CPU
		{C00F9715-AEFD-434F-ABCF-92AB52BC610B}.Debug|Any CPU.ActiveCfg = Debug|Any CPU
		{C00F9715-AEFD-434F-ABCF-92AB52BC610B}.Debug|Any CPU.Build.0 = Debug|Any CPU
		{C00F9715-AEFD-434F-ABCF-92AB52BC610B}.Release|Any CPU.ActiveCfg = Release|Any CPU
		{C00F9715-AEFD-434F-ABCF-92AB52BC610B}.Release|Any CPU.Build.0 = Release|Any CPU
	EndGlobalSection
	GlobalSection(SolutionProperties) = preSolution
		HideSolutionNode = FALSE
	EndGlobalSection
	GlobalSection(NestedProjects) = preSolution
		{E8A40D6D-041E-446F-87A3-F68C383C672E} = {EF7E38A9-F1D5-4E94-8425-8292328361B9}
		{7E66C06D-DC90-42E2-818E-FED5D857C210} = {EF7E38A9-F1D5-4E94-8425-8292328361B9}
		{B9E565C7-6ED6-4DF6-913F-54DE61FB2B81} = {EF7E38A9-F1D5-4E94-8425-8292328361B9}
		{C00F9715-AEFD-434F-ABCF-92AB52BC610B} = {EF7E38A9-F1D5-4E94-8425-8292328361B9}
	EndGlobalSection
	GlobalSection(ExtensibilityGlobals) = postSolution
		SolutionGuid = {C3E21488-0B90-4028-B6E0-242C7C52AD21}
	EndGlobalSection
EndGlobal
